// !$*UTF8*$!
{
	archiveVersion = 1;
	classes = {
	};
	objectVersion = 46;
	objects = {

/* Begin PBXBuildFile section */
		D5D692F01C3F4DB0009DA29D /* main.m in Sources */ = {isa = PBXBuildFile; fileRef = D5D692EF1C3F4DB0009DA29D /* main.m */; };
		D5D692F31C3F4DB0009DA29D /* AppDelegate.m in Sources */ = {isa = PBXBuildFile; fileRef = D5D692F21C3F4DB0009DA29D /* AppDelegate.m */; };
		D5D692F61C3F4DB0009DA29D /* ViewController.m in Sources */ = {isa = PBXBuildFile; fileRef = D5D692F51C3F4DB0009DA29D /* ViewController.m */; };
		D5D692F91C3F4DB0009DA29D /* Main.storyboard in Resources */ = {isa = PBXBuildFile; fileRef = D5D692F71C3F4DB0009DA29D /* Main.storyboard */; };
		D5D692FB1C3F4DB0009DA29D /* Assets.xcassets in Resources */ = {isa = PBXBuildFile; fileRef = D5D692FA1C3F4DB0009DA29D /* Assets.xcassets */; };
		D5D692FE1C3F4DB0009DA29D /* LaunchScreen.storyboard in Resources */ = {isa = PBXBuildFile; fileRef = D5D692FC1C3F4DB0009DA29D /* LaunchScreen.storyboard */; };
		D5D693091C3F4DB0009DA29D /* tesTests.m in Sources */ = {isa = PBXBuildFile; fileRef = D5D693081C3F4DB0009DA29D /* tesTests.m */; };
		D5D693141C3F4DB0009DA29D /* tesUITests.m in Sources */ = {isa = PBXBuildFile; fileRef = D5D693131C3F4DB0009DA29D /* tesUITests.m */; };
/* End PBXBuildFile section */

/* Begin PBXContainerItemProxy section */
		D5D693051C3F4DB0009DA29D /* PBXContainerItemProxy */ = {
			isa = PBXContainerItemProxy;
			containerPortal = D5D692E31C3F4DAF009DA29D /* Project object */;
			proxyType = 1;
			remoteGlobalIDString = D5D692EA1C3F4DB0009DA29D;
			remoteInfo = tes;
		};
		D5D693101C3F4DB0009DA29D /* PBXContainerItemProxy */ = {
			isa = PBXContainerItemProxy;
			containerPortal = D5D692E31C3F4DAF009DA29D /* Project object */;
			proxyType = 1;
			remoteGlobalIDString = D5D692EA1C3F4DB0009DA29D;
			remoteInfo = tes;
		};
/* End PBXContainerItemProxy section */

/* Begin PBXFileReference section */
		D5D692EB1C3F4DB0009DA29D /* tes.app */ = {isa = PBXFileReference; explicitFileType = wrapper.application; includeInIndex = 0; path = tes.app; sourceTree = BUILT_PRODUCTS_DIR; };
		D5D692EF1C3F4DB0009DA29D /* main.m */ = {isa = PBXFileReference; lastKnownFileType = sourcecode.c.objc; path = main.m; sourceTree = "<group>"; };
		D5D692F11C3F4DB0009DA29D /* AppDelegate.h */ = {isa = PBXFileReference; lastKnownFileType = sourcecode.c.h; path = AppDelegate.h; sourceTree = "<group>"; };
		D5D692F21C3F4DB0009DA29D /* AppDelegate.m */ = {isa = PBXFileReference; lastKnownFileType = sourcecode.c.objc; path = AppDelegate.m; sourceTree = "<group>"; };
		D5D692F41C3F4DB0009DA29D /* ViewController.h */ = {isa = PBXFileReference; lastKnownFileType = sourcecode.c.h; path = ViewController.h; sourceTree = "<group>"; };
		D5D692F51C3F4DB0009DA29D /* ViewController.m */ = {isa = PBXFileReference; lastKnownFileType = sourcecode.c.objc; path = ViewController.m; sourceTree = "<group>"; };
		D5D692F81C3F4DB0009DA29D /* Base */ = {isa = PBXFileReference; lastKnownFileType = file.storyboard; name = Base; path = Base.lproj/Main.storyboard; sourceTree = "<group>"; };
		D5D692FA1C3F4DB0009DA29D /* Assets.xcassets */ = {isa = PBXFileReference; lastKnownFileType = folder.assetcatalog; path = Assets.xcassets; sourceTree = "<group>"; };
		D5D692FD1C3F4DB0009DA29D /* Base */ = {isa = PBXFileReference; lastKnownFileType = file.storyboard; name = Base; path = Base.lproj/LaunchScreen.storyboard; sourceTree = "<group>"; };
		D5D692FF1C3F4DB0009DA29D /* Info.plist */ = {isa = PBXFileReference; lastKnownFileType = text.plist.xml; path = Info.plist; sourceTree = "<group>"; };
		D5D693041C3F4DB0009DA29D /* tesTests.xctest */ = {isa = PBXFileReference; explicitFileType = wrapper.cfbundle; includeInIndex = 0; path = tesTests.xctest; sourceTree = BUILT_PRODUCTS_DIR; };
		D5D693081C3F4DB0009DA29D /* tesTests.m */ = {isa = PBXFileReference; lastKnownFileType = sourcecode.c.objc; path = tesTests.m; sourceTree = "<group>"; };
		D5D6930A1C3F4DB0009DA29D /* Info.plist */ = {isa = PBXFileReference; lastKnownFileType = text.plist.xml; path = Info.plist; sourceTree = "<group>"; };
		D5D6930F1C3F4DB0009DA29D /* tesUITests.xctest */ = {isa = PBXFileReference; explicitFileType = wrapper.cfbundle; includeInIndex = 0; path = tesUITests.xctest; sourceTree = BUILT_PRODUCTS_DIR; };
		D5D693131C3F4DB0009DA29D /* tesUITests.m */ = {isa = PBXFileReference; lastKnownFileType = sourcecode.c.objc; path = tesUITests.m; sourceTree = "<group>"; };
		D5D693151C3F4DB0009DA29D /* Info.plist */ = {isa = PBXFileReference; lastKnownFileType = text.plist.xml; path = Info.plist; sourceTree = "<group>"; };
/* End PBXFileReference section */

/* Begin PBXFrameworksBuildPhase section */
		D5D692E81C3F4DB0009DA29D /* Frameworks */ = {
			isa = PBXFrameworksBuildPhase;
			buildActionMask = 2147483647;
			files = (
			);
			runOnlyForDeploymentPostprocessing = 0;
		};
		D5D693011C3F4DB0009DA29D /* Frameworks */ = {
			isa = PBXFrameworksBuildPhase;
			buildActionMask = 2147483647;
			files = (
			);
			runOnlyForDeploymentPostprocessing = 0;
		};
		D5D6930C1C3F4DB0009DA29D /* Frameworks */ = {
			isa = PBXFrameworksBuildPhase;
			buildActionMask = 2147483647;
			files = (
			);
			runOnlyForDeploymentPostprocessing = 0;
		};
/* End PBXFrameworksBuildPhase section */

/* Begin PBXGroup section */
		D5D692E21C3F4DAF009DA29D = {
			isa = PBXGroup;
			children = (
				D5D692ED1C3F4DB0009DA29D /* tes */,
				D5D693071C3F4DB0009DA29D /* tesTests */,
				D5D693121C3F4DB0009DA29D /* tesUITests */,
				D5D692EC1C3F4DB0009DA29D /* Products */,
			);
			sourceTree = "<group>";
		};
		D5D692EC1C3F4DB0009DA29D /* Products */ = {
			isa = PBXGroup;
			children = (
				D5D692EB1C3F4DB0009DA29D /* tes.app */,
				D5D693041C3F4DB0009DA29D /* tesTests.xctest */,
				D5D6930F1C3F4DB0009DA29D /* tesUITests.xctest */,
			);
			name = Products;
			sourceTree = "<group>";
		};
		D5D692ED1C3F4DB0009DA29D /* tes */ = {
			isa = PBXGroup;
			children = (
				D5D692F11C3F4DB0009DA29D /* AppDelegate.h */,
				D5D692F21C3F4DB0009DA29D /* AppDelegate.m */,
				D5D692F41C3F4DB0009DA29D /* ViewController.h */,
				D5D692F51C3F4DB0009DA29D /* ViewController.m */,
				D5D692F71C3F4DB0009DA29D /* Main.storyboard */,
				D5D692FA1C3F4DB0009DA29D /* Assets.xcassets */,
				D5D692FC1C3F4DB0009DA29D /* LaunchScreen.storyboard */,
				D5D692FF1C3F4DB0009DA29D /* Info.plist */,
				D5D692EE1C3F4DB0009DA29D /* Supporting Files */,
			);
			path = tes;
			sourceTree = "<group>";
		};
		D5D692EE1C3F4DB0009DA29D /* Supporting Files */ = {
			isa = PBXGroup;
			children = (
				D5D692EF1C3F4DB0009DA29D /* main.m */,
			);
			name = "Supporting Files";
			sourceTree = "<group>";
		};
		D5D693071C3F4DB0009DA29D /* tesTests */ = {
			isa = PBXGroup;
			children = (
				D5D693081C3F4DB0009DA29D /* tesTests.m */,
				D5D6930A1C3F4DB0009DA29D /* Info.plist */,
			);
			path = tesTests;
			sourceTree = "<group>";
		};
		D5D693121C3F4DB0009DA29D /* tesUITests */ = {
			isa = PBXGroup;
			children = (
				D5D693131C3F4DB0009DA29D /* tesUITests.m */,
				D5D693151C3F4DB0009DA29D /* Info.plist */,
			);
			path = tesUITests;
			sourceTree = "<group>";
		};
/* End PBXGroup section */

/* Begin PBXNativeTarget section */
		D5D692EA1C3F4DB0009DA29D /* tes */ = {
			isa = PBXNativeTarget;
			buildConfigurationList = D5D693181C3F4DB0009DA29D /* Build configuration list for PBXNativeTarget "tes" */;
			buildPhases = (
				D5D692E71C3F4DB0009DA29D /* Sources */,
				D5D692E81C3F4DB0009DA29D /* Frameworks */,
				D5D692E91C3F4DB0009DA29D /* Resources */,
			);
			buildRules = (
			);
			dependencies = (
			);
			name = tes;
			productName = tes;
			productReference = D5D692EB1C3F4DB0009DA29D /* tes.app */;
			productType = "com.apple.product-type.application";
		};
		D5D693031C3F4DB0009DA29D /* tesTests */ = {
			isa = PBXNativeTarget;
			buildConfigurationList = D5D6931B1C3F4DB0009DA29D /* Build configuration list for PBXNativeTarget "tesTests" */;
			buildPhases = (
				D5D693001C3F4DB0009DA29D /* Sources */,
				D5D693011C3F4DB0009DA29D /* Frameworks */,
				D5D693021C3F4DB0009DA29D /* Resources */,
			);
			buildRules = (
			);
			dependencies = (
				D5D693061C3F4DB0009DA29D /* PBXTargetDependency */,
			);
			name = tesTests;
			productName = tesTests;
			productReference = D5D693041C3F4DB0009DA29D /* tesTests.xctest */;
			productType = "com.apple.product-type.bundle.unit-test";
		};
		D5D6930E1C3F4DB0009DA29D /* tesUITests */ = {
			isa = PBXNativeTarget;
			buildConfigurationList = D5D6931E1C3F4DB0009DA29D /* Build configuration list for PBXNativeTarget "tesUITests" */;
			buildPhases = (
				D5D6930B1C3F4DB0009DA29D /* Sources */,
				D5D6930C1C3F4DB0009DA29D /* Frameworks */,
				D5D6930D1C3F4DB0009DA29D /* Resources */,
			);
			buildRules = (
			);
			dependencies = (
				D5D693111C3F4DB0009DA29D /* PBXTargetDependency */,
			);
			name = tesUITests;
			productName = tesUITests;
			productReference = D5D6930F1C3F4DB0009DA29D /* tesUITests.xctest */;
			productType = "com.apple.product-type.bundle.ui-testing";
		};
/* End PBXNativeTarget section */

/* Begin PBXProject section */
		D5D692E31C3F4DAF009DA29D /* Project object */ = {
			isa = PBXProject;
			attributes = {
				LastUpgradeCheck = 0720;
				ORGANIZATIONNAME = kuailefu;
				TargetAttributes = {
					D5D692EA1C3F4DB0009DA29D = {
						CreatedOnToolsVersion = 7.2;
					};
					D5D693031C3F4DB0009DA29D = {
						CreatedOnToolsVersion = 7.2;
						TestTargetID = D5D692EA1C3F4DB0009DA29D;
					};
					D5D6930E1C3F4DB0009DA29D = {
						CreatedOnToolsVersion = 7.2;
						TestTargetID = D5D692EA1C3F4DB0009DA29D;
					};
				};
			};
			buildConfigurationList = D5D692E61C3F4DAF009DA29D /* Build configuration list for PBXProject "tes" */;
			compatibilityVersion = "Xcode 3.2";
			developmentRegion = English;
			hasScannedForEncodings = 0;
			knownRegions = (
				en,
				Base,
			);
			mainGroup = D5D692E21C3F4DAF009DA29D;
			productRefGroup = D5D692EC1C3F4DB0009DA29D /* Products */;
			projectDirPath = "";
			projectRoot = "";
			targets = (
				D5D692EA1C3F4DB0009DA29D /* tes */,
				D5D693031C3F4DB0009DA29D /* tesTests */,
				D5D6930E1C3F4DB0009DA29D /* tesUITests */,
			);
		};
/* End PBXProject section */

/* Begin PBXResourcesBuildPhase section */
		D5D692E91C3F4DB0009DA29D /* Resources */ = {
			isa = PBXResourcesBuildPhase;
			buildActionMask = 2147483647;
			files = (
				D5D692FE1C3F4DB0009DA29D /* LaunchScreen.storyboard in Resources */,
				D5D692FB1C3F4DB0009DA29D /* Assets.xcassets in Resources */,
				D5D692F91C3F4DB0009DA29D /* Main.storyboard in Resources */,
			);
			runOnlyForDeploymentPostprocessing = 0;
		};
		D5D693021C3F4DB0009DA29D /* Resources */ = {
			isa = PBXResourcesBuildPhase;
			buildActionMask = 2147483647;
			files = (
			);
			runOnlyForDeploymentPostprocessing = 0;
		};
		D5D6930D1C3F4DB0009DA29D /* Resources */ = {
			isa = PBXResourcesBuildPhase;
			buildActionMask = 2147483647;
			files = (
			);
			runOnlyForDeploymentPostprocessing = 0;
		};
/* End PBXResourcesBuildPhase section */

/* Begin PBXSourcesBuildPhase section */
		D5D692E71C3F4DB0009DA29D /* Sources */ = {
			isa = PBXSourcesBuildPhase;
			buildActionMask = 2147483647;
			files = (
				D5D692F61C3F4DB0009DA29D /* ViewController.m in Sources */,
				D5D692F31C3F4DB0009DA29D /* AppDelegate.m in Sources */,
				D5D692F01C3F4DB0009DA29D /* main.m in Sources */,
			);
			runOnlyForDeploymentPostprocessing = 0;
		};
		D5D693001C3F4DB0009DA29D /* Sources */ = {
			isa = PBXSourcesBuildPhase;
			buildActionMask = 2147483647;
			files = (
				D5D693091C3F4DB0009DA29D /* tesTests.m in Sources */,
			);
			runOnlyForDeploymentPostprocessing = 0;
		};
		D5D6930B1C3F4DB0009DA29D /* Sources */ = {
			isa = PBXSourcesBuildPhase;
			buildActionMask = 2147483647;
			files = (
				D5D693141C3F4DB0009DA29D /* tesUITests.m in Sources */,
			);
			runOnlyForDeploymentPostprocessing = 0;
		};
/* End PBXSourcesBuildPhase section */

/* Begin PBXTargetDependency section */
		D5D693061C3F4DB0009DA29D /* PBXTargetDependency */ = {
			isa = PBXTargetDependency;
			target = D5D692EA1C3F4DB0009DA29D /* tes */;
			targetProxy = D5D693051C3F4DB0009DA29D /* PBXContainerItemProxy */;
		};
		D5D693111C3F4DB0009DA29D /* PBXTargetDependency */ = {
			isa = PBXTargetDependency;
			target = D5D692EA1C3F4DB0009DA29D /* tes */;
			targetProxy = D5D693101C3F4DB0009DA29D /* PBXContainerItemProxy */;
		};
/* End PBXTargetDependency section */

/* Begin PBXVariantGroup section */
		D5D692F71C3F4DB0009DA29D /* Main.storyboard */ = {
			isa = PBXVariantGroup;
			children = (
				D5D692F81C3F4DB0009DA29D /* Base */,
			);
			name = Main.storyboard;
			sourceTree = "<group>";
		};
		D5D692FC1C3F4DB0009DA29D /* LaunchScreen.storyboard */ = {
			isa = PBXVariantGroup;
			children = (
				D5D692FD1C3F4DB0009DA29D /* Base */,
			);
			name = LaunchScreen.storyboard;
			sourceTree = "<group>";
		};
/* End PBXVariantGroup section */

/* Begin XCBuildConfiguration section */
		D5D693161C3F4DB0009DA29D /* Debug */ = {
			isa = XCBuildConfiguration;
			buildSettings = {
				ALWAYS_SEARCH_USER_PATHS = NO;
				CLANG_CXX_LANGUAGE_STANDARD = "gnu++0x";
				CLANG_CXX_LIBRARY = "libc++";
				CLANG_ENABLE_MODULES = YES;
				CLANG_ENABLE_OBJC_ARC = YES;
				CLANG_WARN_BOOL_CONVERSION = YES;
				CLANG_WARN_CONSTANT_CONVERSION = YES;
				CLANG_WARN_DIRECT_OBJC_ISA_USAGE = YES_ERROR;
				CLANG_WARN_EMPTY_BODY = YES;
				CLANG_WARN_ENUM_CONVERSION = YES;
				CLANG_WARN_INT_CONVERSION = YES;
				CLANG_WARN_OBJC_ROOT_CLASS = YES_ERROR;
				CLANG_WARN_UNREACHABLE_CODE = YES;
				CLANG_WARN__DUPLICATE_METHOD_MATCH = YES;
				"CODE_SIGN_IDENTITY[sdk=iphoneos*]" = "iPhone Developer";
				COPY_PHASE_STRIP = NO;
				DEBUG_INFORMATION_FORMAT = dwarf;
				ENABLE_STRICT_OBJC_MSGSEND = YES;
				ENABLE_TESTABILITY = YES;
				GCC_C_LANGUAGE_STANDARD = gnu99;
				GCC_DYNAMIC_NO_PIC = NO;
				GCC_NO_COMMON_BLOCKS = YES;
				GCC_OPTIMIZATION_LEVEL = 0;
				GCC_PREPROCESSOR_DEFINITIONS = (
					"DEBUG=1",
					"$(inherited)",
				);
				GCC_WARN_64_TO_32_BIT_CONVERSION = YES;
				GCC_WARN_ABOUT_RETURN_TYPE = YES_ERROR;
				GCC_WARN_UNDECLARED_SELECTOR = YES;
				GCC_WARN_UNINITIALIZED_AUTOS = YES_AGGRESSIVE;
				GCC_WARN_UNUSED_FUNCTION = YES;
				GCC_WARN_UNUSED_VARIABLE = YES;
				IPHONEOS_DEPLOYMENT_TARGET = 9.2;
				MTL_ENABLE_DEBUG_INFO = YES;
				ONLY_ACTIVE_ARCH = YES;
				SDKROOT = iphoneos;
			};
			name = Debug;
		};
		D5D693171C3F4DB0009DA29D /* Release */ = {
			isa = XCBuildConfiguration;
			buildSettings = {
				ALWAYS_SEARCH_USER_PATHS = NO;
				CLANG_CXX_LANGUAGE_STANDARD = "gnu++0x";
				CLANG_CXX_LIBRARY = "libc++";
				CLANG_ENABLE_MODULES = YES;
				CLANG_ENABLE_OBJC_ARC = YES;
				CLANG_WARN_BOOL_CONVERSION = YES;
				CLANG_WARN_CONSTANT_CONVERSION = YES;
				CLANG_WARN_DIRECT_OBJC_ISA_USAGE = YES_ERROR;
				CLANG_WARN_EMPTY_BODY = YES;
				CLANG_WARN_ENUM_CONVERSION = YES;
				CLANG_WARN_INT_CONVERSION = YES;
				CLANG_WARN_OBJC_ROOT_CLASS = YES_ERROR;
				CLANG_WARN_UNREACHABLE_CODE = YES;
				CLANG_WARN__DUPLICATE_METHOD_MATCH = YES;
				"CODE_SIGN_IDENTITY[sdk=iphoneos*]" = "iPhone Developer";
				COPY_PHASE_STRIP = NO;
				DEBUG_INFORMATION_FORMAT = "dwarf-with-dsym";
				ENABLE_NS_ASSERTIONS = NO;
				ENABLE_STRICT_OBJC_MSGSEND = YES;
				GCC_C_LANGUAGE_STANDARD = gnu99;
				GCC_NO_COMMON_BLOCKS = YES;
				GCC_WARN_64_TO_32_BIT_CONVERSION = YES;
				GCC_WARN_ABOUT_RETURN_TYPE = YES_ERROR;
				GCC_WARN_UNDECLARED_SELECTOR = YES;
				GCC_WARN_UNINITIALIZED_AUTOS = YES_AGGRESSIVE;
				GCC_WARN_UNUSED_FUNCTION = YES;
				GCC_WARN_UNUSED_VARIABLE = YES;
				IPHONEOS_DEPLOYMENT_TARGET = 9.2;
				MTL_ENABLE_DEBUG_INFO = NO;
				SDKROOT = iphoneos;
				VALIDATE_PRODUCT = YES;
			};
			name = Release;
		};
		D5D693191C3F4DB0009DA29D /* Debug */ = {
			isa = XCBuildConfiguration;
			buildSettings = {
				ASSETCATALOG_COMPILER_APPICON_NAME = AppIcon;
				INFOPLIST_FILE = tes/Info.plist;
				LD_RUNPATH_SEARCH_PATHS = "$(inherited) @executable_path/Frameworks";
				PRODUCT_BUNDLE_IDENTIFIER = map.tes;
				PRODUCT_NAME = "$(TARGET_NAME)";
			};
			name = Debug;
		};
		D5D6931A1C3F4DB0009DA29D /* Release */ = {
			isa = XCBuildConfiguration;
			buildSettings = {
				ASSETCATALOG_COMPILER_APPICON_NAME = AppIcon;
				INFOPLIST_FILE = tes/Info.plist;
				LD_RUNPATH_SEARCH_PATHS = "$(inherited) @executable_path/Frameworks";
				PRODUCT_BUNDLE_IDENTIFIER = map.tes;
				PRODUCT_NAME = "$(TARGET_NAME)";
			};
			name = Release;
		};
		D5D6931C1C3F4DB0009DA29D /* Debug */ = {
			isa = XCBuildConfiguration;
			buildSettings = {
				BUNDLE_LOADER = "$(TEST_HOST)";
				INFOPLIST_FILE = tesTests/Info.plist;
				LD_RUNPATH_SEARCH_PATHS = "$(inherited) @executable_path/Frameworks @loader_path/Frameworks";
				PRODUCT_BUNDLE_IDENTIFIER = map.tesTests;
				PRODUCT_NAME = "$(TARGET_NAME)";
				TEST_HOST = "$(BUILT_PRODUCTS_DIR)/tes.app/tes";
			};
			name = Debug;
		};
		D5D6931D1C3F4DB0009DA29D /* Release */ = {
			isa = XCBuildConfiguration;
			buildSettings = {
				BUNDLE_LOADER = "$(TEST_HOST)";
				INFOPLIST_FILE = tesTests/Info.plist;
				LD_RUNPATH_SEARCH_PATHS = "$(inherited) @executable_path/Frameworks @loader_path/Frameworks";
				PRODUCT_BUNDLE_IDENTIFIER = map.tesTests;
				PRODUCT_NAME = "$(TARGET_NAME)";
				TEST_HOST = "$(BUILT_PRODUCTS_DIR)/tes.app/tes";
			};
			name = Release;
		};
		D5D6931F1C3F4DB0009DA29D /* Debug */ = {
			isa = XCBuildConfiguration;
			buildSettings = {
				INFOPLIST_FILE = tesUITests/Info.plist;
				LD_RUNPATH_SEARCH_PATHS = "$(inherited) @executable_path/Frameworks @loader_path/Frameworks";
				PRODUCT_BUNDLE_IDENTIFIER = map.tesUITests;
				PRODUCT_NAME = "$(TARGET_NAME)";
				TEST_TARGET_NAME = tes;
				USES_XCTRUNNER = YES;
			};
			name = Debug;
		};
		D5D693201C3F4DB0009DA29D /* Release */ = {
			isa = XCBuildConfiguration;
			buildSettings = {
				INFOPLIST_FILE = tesUITests/Info.plist;
				LD_RUNPATH_SEARCH_PATHS = "$(inherited) @executable_path/Frameworks @loader_path/Frameworks";
				PRODUCT_BUNDLE_IDENTIFIER = map.tesUITests;
				PRODUCT_NAME = "$(TARGET_NAME)";
				TEST_TARGET_NAME = tes;
				USES_XCTRUNNER = YES;
			};
			name = Release;
		};
/* End XCBuildConfiguration section */

/* Begin XCConfigurationList section */
		D5D692E61C3F4DAF009DA29D /* Build configuration list for PBXProject "tes" */ = {
			isa = XCConfigurationList;
			buildConfigurations = (
				D5D693161C3F4DB0009DA29D /* Debug */,
				D5D693171C3F4DB0009DA29D /* Release */,
			);
			defaultConfigurationIsVisible = 0;
			defaultConfigurationName = Release;
		};
		D5D693181C3F4DB0009DA29D /* Build configuration list for PBXNativeTarget "tes" */ = {
			isa = XCConfigurationList;
			buildConfigurations = (
				D5D693191C3F4DB0009DA29D /* Debug */,
				D5D6931A1C3F4DB0009DA29D /* Release */,
			);
			defaultConfigurationIsVisible = 0;
		};
		D5D6931B1C3F4DB0009DA29D /* Build configuration list for PBXNativeTarget "tesTests" */ = {
			isa = XCConfigurationList;
			buildConfigurations = (
				D5D6931C1C3F4DB0009DA29D /* Debug */,
				D5D6931D1C3F4DB0009DA29D /* Release */,
			);
			defaultConfigurationIsVisible = 0;
		};
		D5D6931E1C3F4DB0009DA29D /* Build configuration list for PBXNativeTarget "tesUITests" */ = {
			isa = XCConfigurationList;
			buildConfigurations = (
				D5D6931F1C3F4DB0009DA29D /* Debug */,
				D5D693201C3F4DB0009DA29D /* Release */,
			);
			defaultConfigurationIsVisible = 0;
		};
/* End XCConfigurationList section */
	};
	rootObject = D5D692E31C3F4DAF009DA29D /* Project object */;
}
